github.com/Graylog2/go-gelf v0.0.0-20170811154226-7ebf4f536d8f h1:xMWj7GzE4gCkm8e+661/GJHDXr4h7/jt4kM1Vvr9c5k=
github.com/Graylog2/go-gelf v0.0.0-20170811154226-7ebf4f536d8f/go.mod h1:fBaQWrftOD5CrVCUfoYGHs4X4VViTuGOXA8WloCjTY0=
github.com/davecgh/go-spew v1.1.0/go.mod h1:J7Y8YcW2NihsgmVo/mv3lAwl/skON4iLHjSsI+c5H38=
github.com/davecgh/go-spew v1.1.1/go.mod h1:J7Y8YcW2NihsgmVo/mv3lAwl/skON4iLHjSsI+c5H38=
github.com/gemnasium/logrus-graylog-hook v2.0.7+incompatible h1:lgnKqRfXdYPljf5yj0SOYSH+i29U8E3KKzdOIWsHZno=
github.com/gemnasium/logrus-graylog-hook v2.0.7+incompatible/go.mod h1:85jwR23cg8rapnMQj96B9pX4XzmkXMNAPVfnnUNP8Dk=
github.com/pkg/errors v0.9.1 h1:FEBLx1zS214owpjy7qsBeixbURkuhQAwrK5UwLGTwt4=
github.com/pkg/errors v0.9.1/go.mod h1:bwawxfHBFNV+L2hUp1rHADufV3IMtnDRdf1r5NINEl0=
github.com/pmezard/go-difflib v1.0.0/go.mod h1:iKH77koFhYxTK1pcRnkKkqfTogsbg7gZNVY4sRDYZ/4=
github.com/samber/lo v1.44.0 h1:5il56KxRE+GHsm1IR+sZ/6J42NODigFiqCWpSc2dybA=
github.com/samber/lo v1.44.0/go.mod h1:RmDH9Ct32Qy3gduHQuKJ3gW1fMHAnE/fAzQuf6He5cU=
github.com/samber/slog-common v0.17.0 h1:HdRnk7QQTa9ByHlLPK3llCBo8ZSX3F/ZyeqVI5dfMtI=
github.com/samber/slog-common v0.17.0/go.mod h1:mZSJhinB4aqHziR0SKPqpVZjJ0JO35JfH+dDIWqaCBk=
github.com/samber/slog-graylog/v2 v2.7.0 h1:28jMsQ+wt/m4ybPWZRjVUIHN/j9PLbJK67Nez+OrUkQ=
github.com/samber/slog-graylog/v2 v2.7.0/go.mod h1:HP/O4JXPM0+Es8HIfLYVn44nR93G0UgJ4apkSgXEpic=
github.com/samber/slog-multi v1.2.1 h1:MRVc6JxvGiZ+ubyANneZkMREAFAykoW0CACJZagT7so=
github.com/samber/slog-multi v1.2.1/go.mod h1:uLAvHpGqbYgX4FSL0p1ZwoLuveIAJvBECtE07XmYvFo=
github.com/sirupsen/logrus v1.9.3 h1:dueUQJ1C2q9oE3F7wvmSGAaVtTmUizReu6fjN8uqzbQ=
github.com/sirupsen/logrus v1.9.3/go.mod h1:naHLuLoDiP4jHNo9R0sCBMtWGeIprob74mVsIT4qYEQ=
github.com/stretchr/objx v0.1.0/go.mod h1:HFkY916IF+rwdDfMAkV7OtwuqBVzrE8GR6GFx+wExME=
github.com/stretchr/testify v1.7.0/go.mod h1:6Fq8oRcR53rry900zMqJjRRixrwX3KX962/h/Wwjteg=
golang.org/x/exp v0.0.0-20220303212507-bbda1eaf7a17 h1:3MTrJm4PyNL9NBqvYDSj3DHl46qQakyfqfWo4jgfaEM=
golang.org/x/exp v0.0.0-20220303212507-bbda1eaf7a17/go.mod h1:lgLbSvA5ygNOMpwM/9anMpWVlVJ7Z+cHWq/eFuinpGE=
golang.org/x/sys v0.0.0-20220715151400-c0bba94af5f8 h1:0A+M6Uqn+Eje4kHMK80dtF3JCXC4ykBgQG4Fe06QRhQ=
golang.org/x/sys v0.0.0-20220715151400-c0bba94af5f8/go.mod h1:oPkhp1MJrh7nUepCBck5+mAzfO9JrbApNNgaTdGDITg=
golang.org/x/text v0.16.0 h1:a94ExnEXNtEwYLGJSIUxnWoxoRz/ZcCsV63ROupILh4=
golang.org/x/text v0.16.0/go.mod h1:GhwF1Be+LQoKShO3cGOHzqOgRrGaYc9AvblQOmPVHnI=
gopkg.in/Graylog2/go-gelf.v2 v2.0.0-20191017102106-1550ee647df0 h1:Xg23ydYYJLmb9AK3XdcEpplHZd1MpN3X2ZeeMoBClmY=
gopkg.in/Graylog2/go-gelf.v2 v2.0.0-20191017102106-1550ee647df0/go.mod h1:CeDeqW4tj9FrgZXF/dQCWZrBdcZWWBenhJtxLH4On2g=
gopkg.in/check.v1 v0.0.0-20161208181325-20d25e280405/go.mod h1:Co6ibVJAznAaIkqp8huTwlJQCZ016jof/cbN4VW5Yz0=
gopkg.in/yaml.v3 v3.0.0-20200313102051-9f266ea9e77c/go.mod h1:K4uyk7z7BCEPqu6E+C64Yfv1cQ7kz7rIZviUmN+EgEM=
